// !$*UTF8*$!
{
	archiveVersion = 1;
	classes = {
	};
	objectVersion = 56;
	objects = {

/* Begin PBXBuildFile section */
		056431E62AD59DAF003B1A1F /* ARKIT_BasicApp.swift in Sources */ = {isa = PBXBuildFile; fileRef = 056431E52AD59DAF003B1A1F /* ARKIT_BasicApp.swift */; };
		056431E82AD59DAF003B1A1F /* ContentView.swift in Sources */ = {isa = PBXBuildFile; fileRef = 056431E72AD59DAF003B1A1F /* ContentView.swift */; };
		056431EA2AD59DB1003B1A1F /* Assets.xcassets in Resources */ = {isa = PBXBuildFile; fileRef = 056431E92AD59DB1003B1A1F /* Assets.xcassets */; };
		056431ED2AD59DB1003B1A1F /* Preview Assets.xcassets in Resources */ = {isa = PBXBuildFile; fileRef = 056431EC2AD59DB1003B1A1F /* Preview Assets.xcassets */; };
		0573C3362ADB938C00287FCC /* CustomARView.swift in Sources */ = {isa = PBXBuildFile; fileRef = 0573C3352ADB938C00287FCC /* CustomARView.swift */; };
		0573C3382ADB947600287FCC /* CustomARViewRepresentable.swift in Sources */ = {isa = PBXBuildFile; fileRef = 0573C3372ADB947600287FCC /* CustomARViewRepresentable.swift */; };
		0573C33B2ADBB45B00287FCC /* ARAction.swift in Sources */ = {isa = PBXBuildFile; fileRef = 0573C33A2ADBB45B00287FCC /* ARAction.swift */; };
		0573C33D2ADBB4BA00287FCC /* ARManager.swift in Sources */ = {isa = PBXBuildFile; fileRef = 0573C33C2ADBB4BA00287FCC /* ARManager.swift */; };
/* End PBXBuildFile section */

/* Begin PBXFileReference section */
		056431E22AD59DAF003B1A1F /* ARKIT Basic.app */ = {isa = PBXFileReference; explicitFileType = wrapper.application; includeInIndex = 0; path = "ARKIT Basic.app"; sourceTree = BUILT_PRODUCTS_DIR; };
		056431E52AD59DAF003B1A1F /* ARKIT_BasicApp.swift */ = {isa = PBXFileReference; lastKnownFileType = sourcecode.swift; path = ARKIT_BasicApp.swift; sourceTree = "<group>"; };
		056431E72AD59DAF003B1A1F /* ContentView.swift */ = {isa = PBXFileReference; lastKnownFileType = sourcecode.swift; path = ContentView.swift; sourceTree = "<group>"; };
		056431E92AD59DB1003B1A1F /* Assets.xcassets */ = {isa = PBXFileReference; lastKnownFileType = folder.assetcatalog; path = Assets.xcassets; sourceTree = "<group>"; };
		056431EC2AD59DB1003B1A1F /* Preview Assets.xcassets */ = {isa = PBXFileReference; lastKnownFileType = folder.assetcatalog; path = "Preview Assets.xcassets"; sourceTree = "<group>"; };
		0573C3352ADB938C00287FCC /* CustomARView.swift */ = {isa = PBXFileReference; lastKnownFileType = sourcecode.swift; path = CustomARView.swift; sourceTree = "<group>"; };
		0573C3372ADB947600287FCC /* CustomARViewRepresentable.swift */ = {isa = PBXFileReference; lastKnownFileType = sourcecode.swift; path = CustomARViewRepresentable.swift; sourceTree = "<group>"; };
		0573C33A2ADBB45B00287FCC /* ARAction.swift */ = {isa = PBXFileReference; lastKnownFileType = sourcecode.swift; path = ARAction.swift; sourceTree = "<group>"; };
		0573C33C2ADBB4BA00287FCC /* ARManager.swift */ = {isa = PBXFileReference; lastKnownFileType = sourcecode.swift; path = ARManager.swift; sourceTree = "<group>"; };
/* End PBXFileReference section */

/* Begin PBXFrameworksBuildPhase section */
		056431DF2AD59DAF003B1A1F /* Frameworks */ = {
			isa = PBXFrameworksBuildPhase;
			buildActionMask = 2147483647;
			files = (
			);
			runOnlyForDeploymentPostprocessing = 0;
		};
/* End PBXFrameworksBuildPhase section */

/* Begin PBXGroup section */
		056431D92AD59DAF003B1A1F = {
			isa = PBXGroup;
			children = (
				0573C33C2ADBB4BA00287FCC /* ARManager.swift */,
				0573C33A2ADBB45B00287FCC /* ARAction.swift */,
				056431E42AD59DAF003B1A1F /* ARKIT Basic */,
				056431E32AD59DAF003B1A1F /* Products */,
			);
			sourceTree = "<group>";
		};
		056431E32AD59DAF003B1A1F /* Products */ = {
			isa = PBXGroup;
			children = (
				056431E22AD59DAF003B1A1F /* ARKIT Basic.app */,
			);
			name = Products;
			sourceTree = "<group>";
		};
		056431E42AD59DAF003B1A1F /* ARKIT Basic */ = {
			isa = PBXGroup;
			children = (
				056431E52AD59DAF003B1A1F /* ARKIT_BasicApp.swift */,
				0573C3342ADB935500287FCC /* ViewModel */,
				0573C3332ADB934D00287FCC /* Model */,
				0573C3322ADB934200287FCC /* View */,
				056431E92AD59DB1003B1A1F /* Assets.xcassets */,
				056431EB2AD59DB1003B1A1F /* Preview Content */,
			);
			path = "ARKIT Basic";
			sourceTree = "<group>";
		};
		056431EB2AD59DB1003B1A1F /* Preview Content */ = {
			isa = PBXGroup;
			children = (
				056431EC2AD59DB1003B1A1F /* Preview Assets.xcassets */,
			);
			path = "Preview Content";
			sourceTree = "<group>";
		};
		0573C3322ADB934200287FCC /* View */ = {
			isa = PBXGroup;
			children = (
				056431E72AD59DAF003B1A1F /* ContentView.swift */,
				0573C3392ADB94F700287FCC /* Custom ARView Files */,
			);
			path = View;
			sourceTree = "<group>";
		};
		0573C3332ADB934D00287FCC /* Model */ = {
			isa = PBXGroup;
			children = (
			);
			path = Model;
			sourceTree = "<group>";
		};
		0573C3342ADB935500287FCC /* ViewModel */ = {
			isa = PBXGroup;
			children = (
			);
			path = ViewModel;
			sourceTree = "<group>";
		};
		0573C3392ADB94F700287FCC /* Custom ARView Files */ = {
			isa = PBXGroup;
			children = (
				0573C3352ADB938C00287FCC /* CustomARView.swift */,
				0573C3372ADB947600287FCC /* CustomARViewRepresentable.swift */,
			);
			path = "Custom ARView Files";
			sourceTree = "<group>";
		};
/* End PBXGroup section */

/* Begin PBXNativeTarget section */
		056431E12AD59DAF003B1A1F /* ARKIT Basic */ = {
			isa = PBXNativeTarget;
			buildConfigurationList = 056431F02AD59DB1003B1A1F /* Build configuration list for PBXNativeTarget "ARKIT Basic" */;
			buildPhases = (
				056431DE2AD59DAF003B1A1F /* Sources */,
				056431DF2AD59DAF003B1A1F /* Frameworks */,
				056431E02AD59DAF003B1A1F /* Resources */,
			);
			buildRules = (
			);
			dependencies = (
			);
			name = "ARKIT Basic";
			productName = "ARKIT Basic";
			productReference = 056431E22AD59DAF003B1A1F /* ARKIT Basic.app */;
			productType = "com.apple.product-type.application";
		};
/* End PBXNativeTarget section */

/* Begin PBXProject section */
		056431DA2AD59DAF003B1A1F /* Project object */ = {
			isa = PBXProject;
			attributes = {
				BuildIndependentTargetsInParallel = 1;
				LastSwiftUpdateCheck = 1500;
				LastUpgradeCheck = 1500;
				TargetAttributes = {
					056431E12AD59DAF003B1A1F = {
						CreatedOnToolsVersion = 15.0;
					};
				};
			};
			buildConfigurationList = 056431DD2AD59DAF003B1A1F /* Build configuration list for PBXProject "ARKIT Basic" */;
			compatibilityVersion = "Xcode 14.0";
			developmentRegion = en;
			hasScannedForEncodings = 0;
			knownRegions = (
				en,
				Base,
			);
			mainGroup = 056431D92AD59DAF003B1A1F;
			productRefGroup = 056431E32AD59DAF003B1A1F /* Products */;
			projectDirPath = "";
			projectRoot = "";
			targets = (
				056431E12AD59DAF003B1A1F /* ARKIT Basic */,
			);
		};
/* End PBXProject section */

/* Begin PBXResourcesBuildPhase section */
		056431E02AD59DAF003B1A1F /* Resources */ = {
			isa = PBXResourcesBuildPhase;
			buildActionMask = 2147483647;
			files = (
				056431ED2AD59DB1003B1A1F /* Preview Assets.xcassets in Resources */,
				056431EA2AD59DB1003B1A1F /* Assets.xcassets in Resources */,
			);
			runOnlyForDeploymentPostprocessing = 0;
		};
/* End PBXResourcesBuildPhase section */

/* Begin PBXSourcesBuildPhase section */
		056431DE2AD59DAF003B1A1F /* Sources */ = {
			isa = PBXSourcesBuildPhase;
			buildActionMask = 2147483647;
			files = (
				056431E82AD59DAF003B1A1F /* ContentView.swift in Sources */,
				0573C33B2ADBB45B00287FCC /* ARAction.swift in Sources */,
				0573C3362ADB938C00287FCC /* CustomARView.swift in Sources */,
				056431E62AD59DAF003B1A1F /* ARKIT_BasicApp.swift in Sources */,
				0573C33D2ADBB4BA00287FCC /* ARManager.swift in Sources */,
				0573C3382ADB947600287FCC /* CustomARViewRepresentable.swift in Sources */,
			);
			runOnlyForDeploymentPostprocessing = 0;
		};
/* End PBXSourcesBuildPhase section */

/* Begin XCBuildConfiguration section */
		056431EE2AD59DB1003B1A1F /* Debug */ = {
			isa = XCBuildConfiguration;
			buildSettings = {
				ALWAYS_SEARCH_USER_PATHS = NO;
				ASSETCATALOG_COMPILER_GENERATE_SWIFT_ASSET_SYMBOL_EXTENSIONS = YES;
				CLANG_ANALYZER_NONNULL = YES;
				CLANG_ANALYZER_NUMBER_OBJECT_CONVERSION = YES_AGGRESSIVE;
				CLANG_CXX_LANGUAGE_STANDARD = "gnu++20";
				CLANG_ENABLE_MODULES = YES;
				CLANG_ENABLE_OBJC_ARC = YES;
				CLANG_ENABLE_OBJC_WEAK = YES;
				CLANG_WARN_BLOCK_CAPTURE_AUTORELEASING = YES;
				CLANG_WARN_BOOL_CONVERSION = YES;
				CLANG_WARN_COMMA = YES;
				CLANG_WARN_CONSTANT_CONVERSION = YES;
				CLANG_WARN_DEPRECATED_OBJC_IMPLEMENTATIONS = YES;
				CLANG_WARN_DIRECT_OBJC_ISA_USAGE = YES_ERROR;
				CLANG_WARN_DOCUMENTATION_COMMENTS = YES;
				CLANG_WARN_EMPTY_BODY = YES;
				CLANG_WARN_ENUM_CONVERSION = YES;
				CLANG_WARN_INFINITE_RECURSION = YES;
				CLANG_WARN_INT_CONVERSION = YES;
				CLANG_WARN_NON_LITERAL_NULL_CONVERSION = YES;
				CLANG_WARN_OBJC_IMPLICIT_RETAIN_SELF = YES;
				CLANG_WARN_OBJC_LITERAL_CONVERSION = YES;
				CLANG_WARN_OBJC_ROOT_CLASS = YES_ERROR;
				CLANG_WARN_QUOTED_INCLUDE_IN_FRAMEWORK_HEADER = YES;
				CLANG_WARN_RANGE_LOOP_ANALYSIS = YES;
				CLANG_WARN_STRICT_PROTOTYPES = YES;
				CLANG_WARN_SUSPICIOUS_MOVE = YES;
				CLANG_WARN_UNGUARDED_AVAILABILITY = YES_AGGRESSIVE;
				CLANG_WARN_UNREACHABLE_CODE = YES;
				CLANG_WARN__DUPLICATE_METHOD_MATCH = YES;
				COPY_PHASE_STRIP = NO;
				DEBUG_INFORMATION_FORMAT = dwarf;
				ENABLE_STRICT_OBJC_MSGSEND = YES;
				ENABLE_TESTABILITY = YES;
				ENABLE_USER_SCRIPT_SANDBOXING = YES;
				GCC_C_LANGUAGE_STANDARD = gnu17;
				GCC_DYNAMIC_NO_PIC = NO;
				GCC_NO_COMMON_BLOCKS = YES;
				GCC_OPTIMIZATION_LEVEL = 0;
				GCC_PREPROCESSOR_DEFINITIONS = (
					"DEBUG=1",
					"$(inherited)",
				);
				GCC_WARN_64_TO_32_BIT_CONVERSION = YES;
				GCC_WARN_ABOUT_RETURN_TYPE = YES_ERROR;
				GCC_WARN_UNDECLARED_SELECTOR = YES;
				GCC_WARN_UNINITIALIZED_AUTOS = YES_AGGRESSIVE;
				GCC_WARN_UNUSED_FUNCTION = YES;
				GCC_WARN_UNUSED_VARIABLE = YES;
				IPHONEOS_DEPLOYMENT_TARGET = 17.0;
				LOCALIZATION_PREFERS_STRING_CATALOGS = YES;
				MTL_ENABLE_DEBUG_INFO = INCLUDE_SOURCE;
				MTL_FAST_MATH = YES;
				ONLY_ACTIVE_ARCH = YES;
				SDKROOT = iphoneos;
				SWIFT_ACTIVE_COMPILATION_CONDITIONS = "DEBUG $(inherited)";
				SWIFT_OPTIMIZATION_LEVEL = "-Onone";
			};
			name = Debug;
		};
		056431EF2AD59DB1003B1A1F /* Release */ = {
			isa = XCBuildConfiguration;
			buildSettings = {
				ALWAYS_SEARCH_USER_PATHS = NO;
				ASSETCATALOG_COMPILER_GENERATE_SWIFT_ASSET_SYMBOL_EXTENSIONS = YES;
				CLANG_ANALYZER_NONNULL = YES;
				CLANG_ANALYZER_NUMBER_OBJECT_CONVERSION = YES_AGGRESSIVE;
				CLANG_CXX_LANGUAGE_STANDARD = "gnu++20";
				CLANG_ENABLE_MODULES = YES;
				CLANG_ENABLE_OBJC_ARC = YES;
				CLANG_ENABLE_OBJC_WEAK = YES;
				CLANG_WARN_BLOCK_CAPTURE_AUTORELEASING = YES;
				CLANG_WARN_BOOL_CONVERSION = YES;
				CLANG_WARN_COMMA = YES;
				CLANG_WARN_CONSTANT_CONVERSION = YES;
				CLANG_WARN_DEPRECATED_OBJC_IMPLEMENTATIONS = YES;
				CLANG_WARN_DIRECT_OBJC_ISA_USAGE = YES_ERROR;
				CLANG_WARN_DOCUMENTATION_COMMENTS = YES;
				CLANG_WARN_EMPTY_BODY = YES;
				CLANG_WARN_ENUM_CONVERSION = YES;
				CLANG_WARN_INFINITE_RECURSION = YES;
				CLANG_WARN_INT_CONVERSION = YES;
				CLANG_WARN_NON_LITERAL_NULL_CONVERSION = YES;
				CLANG_WARN_OBJC_IMPLICIT_RETAIN_SELF = YES;
				CLANG_WARN_OBJC_LITERAL_CONVERSION = YES;
				CLANG_WARN_OBJC_ROOT_CLASS = YES_ERROR;
				CLANG_WARN_QUOTED_INCLUDE_IN_FRAMEWORK_HEADER = YES;
				CLANG_WARN_RANGE_LOOP_ANALYSIS = YES;
				CLANG_WARN_STRICT_PROTOTYPES = YES;
				CLANG_WARN_SUSPICIOUS_MOVE = YES;
				CLANG_WARN_UNGUARDED_AVAILABILITY = YES_AGGRESSIVE;
				CLANG_WARN_UNREACHABLE_CODE = YES;
				CLANG_WARN__DUPLICATE_METHOD_MATCH = YES;
				COPY_PHASE_STRIP = NO;
				DEBUG_INFORMATION_FORMAT = "dwarf-with-dsym";
				ENABLE_NS_ASSERTIONS = NO;
				ENABLE_STRICT_OBJC_MSGSEND = YES;
				ENABLE_USER_SCRIPT_SANDBOXING = YES;
				GCC_C_LANGUAGE_STANDARD = gnu17;
				GCC_NO_COMMON_BLOCKS = YES;
				GCC_WARN_64_TO_32_BIT_CONVERSION = YES;
				GCC_WARN_ABOUT_RETURN_TYPE = YES_ERROR;
				GCC_WARN_UNDECLARED_SELECTOR = YES;
				GCC_WARN_UNINITIALIZED_AUTOS = YES_AGGRESSIVE;
				GCC_WARN_UNUSED_FUNCTION = YES;
				GCC_WARN_UNUSED_VARIABLE = YES;
				IPHONEOS_DEPLOYMENT_TARGET = 17.0;
				LOCALIZATION_PREFERS_STRING_CATALOGS = YES;
				MTL_ENABLE_DEBUG_INFO = NO;
				MTL_FAST_MATH = YES;
				SDKROOT = iphoneos;
				SWIFT_COMPILATION_MODE = wholemodule;
				VALIDATE_PRODUCT = YES;
			};
			name = Release;
		};
		056431F12AD59DB1003B1A1F /* Debug */ = {
			isa = XCBuildConfiguration;
			buildSettings = {
				ASSETCATALOG_COMPILER_APPICON_NAME = AppIcon;
				ASSETCATALOG_COMPILER_GLOBAL_ACCENT_COLOR_NAME = AccentColor;
				CODE_SIGN_STYLE = Automatic;
				CURRENT_PROJECT_VERSION = 1;
				DEVELOPMENT_ASSET_PATHS = "\"ARKIT Basic/Preview Content\"";
				DEVELOPMENT_TEAM = L5LAF377ZJ;
				ENABLE_PREVIEWS = YES;
				GENERATE_INFOPLIST_FILE = YES;
				INFOPLIST_KEY_NSCameraUsageDescription = "Required to show ARView";
				INFOPLIST_KEY_UIApplicationSceneManifest_Generation = YES;
				INFOPLIST_KEY_UIApplicationSupportsIndirectInputEvents = YES;
				INFOPLIST_KEY_UILaunchScreen_Generation = YES;
				INFOPLIST_KEY_UISupportedInterfaceOrientations_iPad = "UIInterfaceOrientationPortrait UIInterfaceOrientationPortraitUpsideDown UIInterfaceOrientationLandscapeLeft UIInterfaceOrientationLandscapeRight";
				INFOPLIST_KEY_UISupportedInterfaceOrientations_iPhone = "UIInterfaceOrientationPortrait UIInterfaceOrientationLandscapeLeft UIInterfaceOrientationLandscapeRight";
				LD_RUNPATH_SEARCH_PATHS = (
					"$(inherited)",
					"@executable_path/Frameworks",
				);
				MARKETING_VERSION = 1.0;
				PRODUCT_BUNDLE_IDENTIFIER = "com.yasha.ARKIT-Basic";
				PRODUCT_NAME = "$(TARGET_NAME)";
				SWIFT_EMIT_LOC_STRINGS = YES;
				SWIFT_VERSION = 5.0;
				TARGETED_DEVICE_FAMILY = "1,2";
			};
			name = Debug;
		};
		056431F22AD59DB1003B1A1F /* Release */ = {
			isa = XCBuildConfiguration;
			buildSettings = {
				ASSETCATALOG_COMPILER_APPICON_NAME = AppIcon;
				ASSETCATALOG_COMPILER_GLOBAL_ACCENT_COLOR_NAME = AccentColor;
				CODE_SIGN_STYLE = Automatic;
				CURRENT_PROJECT_VERSION = 1;
				DEVELOPMENT_ASSET_PATHS = "\"ARKIT Basic/Preview Content\"";
				DEVELOPMENT_TEAM = L5LAF377ZJ;
				ENABLE_PREVIEWS = YES;
				GENERATE_INFOPLIST_FILE = YES;
				INFOPLIST_KEY_NSCameraUsageDescription = "Required to show ARView";
				INFOPLIST_KEY_UIApplicationSceneManifest_Generation = YES;
				INFOPLIST_KEY_UIApplicationSupportsIndirectInputEvents = YES;
				INFOPLIST_KEY_UILaunchScreen_Generation = YES;
				INFOPLIST_KEY_UISupportedInterfaceOrientations_iPad = "UIInterfaceOrientationPortrait UIInterfaceOrientationPortraitUpsideDown UIInterfaceOrientationLandscapeLeft UIInterfaceOrientationLandscapeRight";
				INFOPLIST_KEY_UISupportedInterfaceOrientations_iPhone = "UIInterfaceOrientationPortrait UIInterfaceOrientationLandscapeLeft UIInterfaceOrientationLandscapeRight";
				LD_RUNPATH_SEARCH_PATHS = (
					"$(inherited)",
					"@executable_path/Frameworks",
				);
				MARKETING_VERSION = 1.0;
				PRODUCT_BUNDLE_IDENTIFIER = "com.yasha.ARKIT-Basic";
				PRODUCT_NAME = "$(TARGET_NAME)";
				SWIFT_EMIT_LOC_STRINGS = YES;
				SWIFT_VERSION = 5.0;
				TARGETED_DEVICE_FAMILY = "1,2";
			};
			name = Release;
		};
/* End XCBuildConfiguration section */

/* Begin XCConfigurationList section */
		056431DD2AD59DAF003B1A1F /* Build configuration list for PBXProject "ARKIT Basic" */ = {
			isa = XCConfigurationList;
			buildConfigurations = (
				056431EE2AD59DB1003B1A1F /* Debug */,
				056431EF2AD59DB1003B1A1F /* Release */,
			);
			defaultConfigurationIsVisible = 0;
			defaultConfigurationName = Release;
		};
		056431F02AD59DB1003B1A1F /* Build configuration list for PBXNativeTarget "ARKIT Basic" */ = {
			isa = XCConfigurationList;
			buildConfigurations = (
				056431F12AD59DB1003B1A1F /* Debug */,
				056431F22AD59DB1003B1A1F /* Release */,
			);
			defaultConfigurationIsVisible = 0;
			defaultConfigurationName = Release;
		};
/* End XCConfigurationList section */
	};
	rootObject = 056431DA2AD59DAF003B1A1F /* Project object */;
}
